
Microsoft Visual Studio Solution File, Format Version 12.00
# Visual Studio Version 17
VisualStudioVersion = 17.2.32526.322
MinimumVisualStudioVersion = 10.0.40219.1
Project("{FAE04EC0-301F-11D3-BF4B-00C04F79EFBC}") = "Zad 2 laby sprawdzian", "Zad 2 laby sprawdzian\Zad 2 laby sprawdzian.csproj", "{A411E100-AD58-4021-8D22-88AC0C4FF493}"
EndProject
Global
	GlobalSection(SolutionConfigurationPlatforms) = preSolution
		Debug|Any CPU = Debug|Any CPU
		Release|Any CPU = Release|Any CPU
	EndGlobalSection
	GlobalSection(ProjectConfigurationPlatforms) = postSolution
		{A411E100-AD58-4021-8D22-88AC0C4FF493}.Debug|Any CPU.ActiveCfg = Debug|Any CPU
		{A411E100-AD58-4021-8D22-88AC0C4FF493}.Debug|Any CPU.Build.0 = Debug|Any CPU
		{A411E100-AD58-4021-8D22-88AC0C4FF493}.Release|Any CPU.ActiveCfg = Release|Any CPU
		{A411E100-AD58-4021-8D22-88AC0C4FF493}.Release|Any CPU.Build.0 = Release|Any CPU
	EndGlobalSection
	GlobalSection(SolutionProperties) = preSolution
		HideSolutionNode = FALSE
	EndGlobalSection
	GlobalSection(ExtensibilityGlobals) = postSolution
		SolutionGuid = {55772590-5E60-4810-A2A5-C92279CEEA08}
	EndGlobalSection
EndGlobal
